// !$*UTF8*$!
{
	archiveVersion = 1;
	classes = {
	};
	objectVersion = 46;
	objects = {

/* Begin PBXBuildFile section */
		CDBC139D1E16C8B4009AF55A /* AppDelegate.swift in Sources */ = {isa = PBXBuildFile; fileRef = CDBC139C1E16C8B4009AF55A /* AppDelegate.swift */; };
		CDBC139F1E16C8B4009AF55A /* ViewController.swift in Sources */ = {isa = PBXBuildFile; fileRef = CDBC139E1E16C8B4009AF55A /* ViewController.swift */; };
		CDBC13A21E16C8B4009AF55A /* Main.storyboard in Resources */ = {isa = PBXBuildFile; fileRef = CDBC13A01E16C8B4009AF55A /* Main.storyboard */; };
		CDBC13A51E16C8B4009AF55A /* Assignment4.xcdatamodeld in Sources */ = {isa = PBXBuildFile; fileRef = CDBC13A31E16C8B4009AF55A /* Assignment4.xcdatamodeld */; };
		CDBC13A71E16C8B4009AF55A /* Assets.xcassets in Resources */ = {isa = PBXBuildFile; fileRef = CDBC13A61E16C8B4009AF55A /* Assets.xcassets */; };
		CDBC13AA1E16C8B4009AF55A /* LaunchScreen.storyboard in Resources */ = {isa = PBXBuildFile; fileRef = CDBC13A81E16C8B4009AF55A /* LaunchScreen.storyboard */; };
		CDBC13B21E16D620009AF55A /* AddStudentController.swift in Sources */ = {isa = PBXBuildFile; fileRef = CDBC13B11E16D620009AF55A /* AddStudentController.swift */; };
		CDBC13B71E16D669009AF55A /* Jitterable.swift in Sources */ = {isa = PBXBuildFile; fileRef = CDBC13B61E16D669009AF55A /* Jitterable.swift */; };
		CDBC13B91E16D687009AF55A /* Flashable.swift in Sources */ = {isa = PBXBuildFile; fileRef = CDBC13B81E16D687009AF55A /* Flashable.swift */; };
		CDBC13BB1E16D6B4009AF55A /* Delegates.swift in Sources */ = {isa = PBXBuildFile; fileRef = CDBC13BA1E16D6B4009AF55A /* Delegates.swift */; };
		CDBC13BD1E16D6D7009AF55A /* Student.swift in Sources */ = {isa = PBXBuildFile; fileRef = CDBC13BC1E16D6D7009AF55A /* Student.swift */; };
		CDBC13BF1E16D6F9009AF55A /* StudentDB.swift in Sources */ = {isa = PBXBuildFile; fileRef = CDBC13BE1E16D6F9009AF55A /* StudentDB.swift */; };
		CDBC13C11E16D723009AF55A /* StudentDetailsViewController.swift in Sources */ = {isa = PBXBuildFile; fileRef = CDBC13C01E16D723009AF55A /* StudentDetailsViewController.swift */; };
		CDBC13C41E16D761009AF55A /* TableViewCell.swift in Sources */ = {isa = PBXBuildFile; fileRef = CDBC13C31E16D761009AF55A /* TableViewCell.swift */; };
		CDBC13C61E16F4E5009AF55A /* StudentTableViewController.swift in Sources */ = {isa = PBXBuildFile; fileRef = CDBC13C51E16F4E5009AF55A /* StudentTableViewController.swift */; };
		CDD21EFD1E17CA1400055853 /* AddStudentWithImageController.swift in Sources */ = {isa = PBXBuildFile; fileRef = CDD21EFC1E17CA1400055853 /* AddStudentWithImageController.swift */; };
/* End PBXBuildFile section */

/* Begin PBXFileReference section */
		CDBC13991E16C8B4009AF55A /* Assignment4.app */ = {isa = PBXFileReference; explicitFileType = wrapper.application; includeInIndex = 0; path = Assignment4.app; sourceTree = BUILT_PRODUCTS_DIR; };
		CDBC139C1E16C8B4009AF55A /* AppDelegate.swift */ = {isa = PBXFileReference; lastKnownFileType = sourcecode.swift; path = AppDelegate.swift; sourceTree = "<group>"; };
		CDBC139E1E16C8B4009AF55A /* ViewController.swift */ = {isa = PBXFileReference; lastKnownFileType = sourcecode.swift; path = ViewController.swift; sourceTree = "<group>"; };
		CDBC13A11E16C8B4009AF55A /* Base */ = {isa = PBXFileReference; lastKnownFileType = file.storyboard; name = Base; path = Base.lproj/Main.storyboard; sourceTree = "<group>"; };
		CDBC13A41E16C8B4009AF55A /* Assignment4.xcdatamodel */ = {isa = PBXFileReference; lastKnownFileType = wrapper.xcdatamodel; path = Assignment4.xcdatamodel; sourceTree = "<group>"; };
		CDBC13A61E16C8B4009AF55A /* Assets.xcassets */ = {isa = PBXFileReference; lastKnownFileType = folder.assetcatalog; path = Assets.xcassets; sourceTree = "<group>"; };
		CDBC13A91E16C8B4009AF55A /* Base */ = {isa = PBXFileReference; lastKnownFileType = file.storyboard; name = Base; path = Base.lproj/LaunchScreen.storyboard; sourceTree = "<group>"; };
		CDBC13AB1E16C8B4009AF55A /* Info.plist */ = {isa = PBXFileReference; lastKnownFileType = text.plist.xml; path = Info.plist; sourceTree = "<group>"; };
		CDBC13B11E16D620009AF55A /* AddStudentController.swift */ = {isa = PBXFileReference; fileEncoding = 4; lastKnownFileType = sourcecode.swift; path = AddStudentController.swift; sourceTree = "<group>"; };
		CDBC13B61E16D669009AF55A /* Jitterable.swift */ = {isa = PBXFileReference; fileEncoding = 4; lastKnownFileType = sourcecode.swift; path = Jitterable.swift; sourceTree = "<group>"; };
		CDBC13B81E16D687009AF55A /* Flashable.swift */ = {isa = PBXFileReference; fileEncoding = 4; lastKnownFileType = sourcecode.swift; path = Flashable.swift; sourceTree = "<group>"; };
		CDBC13BA1E16D6B4009AF55A /* Delegates.swift */ = {isa = PBXFileReference; fileEncoding = 4; lastKnownFileType = sourcecode.swift; path = Delegates.swift; sourceTree = "<group>"; };
		CDBC13BC1E16D6D7009AF55A /* Student.swift */ = {isa = PBXFileReference; fileEncoding = 4; lastKnownFileType = sourcecode.swift; path = Student.swift; sourceTree = "<group>"; };
		CDBC13BE1E16D6F9009AF55A /* StudentDB.swift */ = {isa = PBXFileReference; fileEncoding = 4; lastKnownFileType = sourcecode.swift; path = StudentDB.swift; sourceTree = "<group>"; };
		CDBC13C01E16D723009AF55A /* StudentDetailsViewController.swift */ = {isa = PBXFileReference; fileEncoding = 4; lastKnownFileType = sourcecode.swift; path = StudentDetailsViewController.swift; sourceTree = "<group>"; };
		CDBC13C31E16D761009AF55A /* TableViewCell.swift */ = {isa = PBXFileReference; fileEncoding = 4; lastKnownFileType = sourcecode.swift; path = TableViewCell.swift; sourceTree = "<group>"; };
		CDBC13C51E16F4E5009AF55A /* StudentTableViewController.swift */ = {isa = PBXFileReference; fileEncoding = 4; lastKnownFileType = sourcecode.swift; path = StudentTableViewController.swift; sourceTree = "<group>"; };
		CDD21EFC1E17CA1400055853 /* AddStudentWithImageController.swift */ = {isa = PBXFileReference; fileEncoding = 4; lastKnownFileType = sourcecode.swift; path = AddStudentWithImageController.swift; sourceTree = "<group>"; };
/* End PBXFileReference section */

/* Begin PBXFrameworksBuildPhase section */
		CDBC13961E16C8B4009AF55A /* Frameworks */ = {
			isa = PBXFrameworksBuildPhase;
			buildActionMask = 2147483647;
			files = (
			);
			runOnlyForDeploymentPostprocessing = 0;
		};
/* End PBXFrameworksBuildPhase section */

/* Begin PBXGroup section */
		CDBC13901E16C8B4009AF55A = {
			isa = PBXGroup;
			children = (
				CDBC139B1E16C8B4009AF55A /* Assignment4 */,
				CDBC139A1E16C8B4009AF55A /* Products */,
			);
			sourceTree = "<group>";
		};
		CDBC139A1E16C8B4009AF55A /* Products */ = {
			isa = PBXGroup;
			children = (
				CDBC13991E16C8B4009AF55A /* Assignment4.app */,
			);
			name = Products;
			sourceTree = "<group>";
		};
		CDBC139B1E16C8B4009AF55A /* Assignment4 */ = {
			isa = PBXGroup;
			children = (
				CDBC13B41E16D63E009AF55A /* Protocols */,
				CDBC13B51E16D64E009AF55A /* Model */,
				CDBC13B31E16D62F009AF55A /* Controller */,
				CDBC13C21E16D73A009AF55A /* View */,
				CDBC13A01E16C8B4009AF55A /* Main.storyboard */,
				CDBC13A81E16C8B4009AF55A /* LaunchScreen.storyboard */,
				CDBC13A61E16C8B4009AF55A /* Assets.xcassets */,
				CDBC139C1E16C8B4009AF55A /* AppDelegate.swift */,
				CDBC13AB1E16C8B4009AF55A /* Info.plist */,
				CDBC13A31E16C8B4009AF55A /* Assignment4.xcdatamodeld */,
			);
			path = Assignment4;
			sourceTree = "<group>";
		};
		CDBC13B31E16D62F009AF55A /* Controller */ = {
			isa = PBXGroup;
			children = (
				CDBC139E1E16C8B4009AF55A /* ViewController.swift */,
				CDBC13B11E16D620009AF55A /* AddStudentController.swift */,
				CDBC13C01E16D723009AF55A /* StudentDetailsViewController.swift */,
				CDBC13C51E16F4E5009AF55A /* StudentTableViewController.swift */,
				CDD21EFC1E17CA1400055853 /* AddStudentWithImageController.swift */,
			);
			name = Controller;
			sourceTree = "<group>";
		};
		CDBC13B41E16D63E009AF55A /* Protocols */ = {
			isa = PBXGroup;
			children = (
				CDBC13B61E16D669009AF55A /* Jitterable.swift */,
				CDBC13B81E16D687009AF55A /* Flashable.swift */,
				CDBC13BA1E16D6B4009AF55A /* Delegates.swift */,
			);
			name = Protocols;
			sourceTree = "<group>";
		};
		CDBC13B51E16D64E009AF55A /* Model */ = {
			isa = PBXGroup;
			children = (
				CDBC13BC1E16D6D7009AF55A /* Student.swift */,
				CDBC13BE1E16D6F9009AF55A /* StudentDB.swift */,
			);
			name = Model;
			sourceTree = "<group>";
		};
		CDBC13C21E16D73A009AF55A /* View */ = {
			isa = PBXGroup;
			children = (
				CDBC13C31E16D761009AF55A /* TableViewCell.swift */,
			);
			name = View;
			sourceTree = "<group>";
		};
/* End PBXGroup section */

/* Begin PBXNativeTarget section */
		CDBC13981E16C8B4009AF55A /* Assignment4 */ = {
			isa = PBXNativeTarget;
			buildConfigurationList = CDBC13AE1E16C8B4009AF55A /* Build configuration list for PBXNativeTarget "Assignment4" */;
			buildPhases = (
				CDBC13951E16C8B4009AF55A /* Sources */,
				CDBC13961E16C8B4009AF55A /* Frameworks */,
				CDBC13971E16C8B4009AF55A /* Resources */,
			);
			buildRules = (
			);
			dependencies = (
			);
			name = Assignment4;
			productName = Assignment4;
			productReference = CDBC13991E16C8B4009AF55A /* Assignment4.app */;
			productType = "com.apple.product-type.application";
		};
/* End PBXNativeTarget section */

/* Begin PBXProject section */
		CDBC13911E16C8B4009AF55A /* Project object */ = {
			isa = PBXProject;
			attributes = {
				LastSwiftUpdateCheck = 0820;
				LastUpgradeCheck = 0820;
				ORGANIZATIONNAME = "Omry Dabush";
				TargetAttributes = {
					CDBC13981E16C8B4009AF55A = {
						CreatedOnToolsVersion = 8.2.1;
						ProvisioningStyle = Automatic;
					};
				};
			};
			buildConfigurationList = CDBC13941E16C8B4009AF55A /* Build configuration list for PBXProject "Assignment4" */;
			compatibilityVersion = "Xcode 3.2";
			developmentRegion = English;
			hasScannedForEncodings = 0;
			knownRegions = (
				en,
				Base,
			);
			mainGroup = CDBC13901E16C8B4009AF55A;
			productRefGroup = CDBC139A1E16C8B4009AF55A /* Products */;
			projectDirPath = "";
			projectRoot = "";
			targets = (
				CDBC13981E16C8B4009AF55A /* Assignment4 */,
			);
		};
/* End PBXProject section */

/* Begin PBXResourcesBuildPhase section */
		CDBC13971E16C8B4009AF55A /* Resources */ = {
			isa = PBXResourcesBuildPhase;
			buildActionMask = 2147483647;
			files = (
				CDBC13AA1E16C8B4009AF55A /* LaunchScreen.storyboard in Resources */,
				CDBC13A71E16C8B4009AF55A /* Assets.xcassets in Resources */,
				CDBC13A21E16C8B4009AF55A /* Main.storyboard in Resources */,
			);
			runOnlyForDeploymentPostprocessing = 0;
		};
/* End PBXResourcesBuildPhase section */

/* Begin PBXSourcesBuildPhase section */
		CDBC13951E16C8B4009AF55A /* Sources */ = {
			isa = PBXSourcesBuildPhase;
			buildActionMask = 2147483647;
			files = (
				CDBC139F1E16C8B4009AF55A /* ViewController.swift in Sources */,
				CDBC13B21E16D620009AF55A /* AddStudentController.swift in Sources */,
				CDBC13C61E16F4E5009AF55A /* StudentTableViewController.swift in Sources */,
				CDBC13BB1E16D6B4009AF55A /* Delegates.swift in Sources */,
				CDBC13B71E16D669009AF55A /* Jitterable.swift in Sources */,
				CDBC139D1E16C8B4009AF55A /* AppDelegate.swift in Sources */,
				CDBC13B91E16D687009AF55A /* Flashable.swift in Sources */,
				CDBC13C41E16D761009AF55A /* TableViewCell.swift in Sources */,
				CDBC13BF1E16D6F9009AF55A /* StudentDB.swift in Sources */,
				CDBC13C11E16D723009AF55A /* StudentDetailsViewController.swift in Sources */,
				CDBC13A51E16C8B4009AF55A /* Assignment4.xcdatamodeld in Sources */,
				CDBC13BD1E16D6D7009AF55A /* Student.swift in Sources */,
				CDD21EFD1E17CA1400055853 /* AddStudentWithImageController.swift in Sources */,
			);
			runOnlyForDeploymentPostprocessing = 0;
		};
/* End PBXSourcesBuildPhase section */

/* Begin PBXVariantGroup section */
		CDBC13A01E16C8B4009AF55A /* Main.storyboard */ = {
			isa = PBXVariantGroup;
			children = (
				CDBC13A11E16C8B4009AF55A /* Base */,
			);
			name = Main.storyboard;
			sourceTree = "<group>";
		};
		CDBC13A81E16C8B4009AF55A /* LaunchScreen.storyboard */ = {
			isa = PBXVariantGroup;
			children = (
				CDBC13A91E16C8B4009AF55A /* Base */,
			);
			name = LaunchScreen.storyboard;
			sourceTree = "<group>";
		};
/* End PBXVariantGroup section */

/* Begin XCBuildConfiguration section */
		CDBC13AC1E16C8B4009AF55A /* Debug */ = {
			isa = XCBuildConfiguration;
			buildSettings = {
				ALWAYS_SEARCH_USER_PATHS = NO;
				CLANG_ANALYZER_NONNULL = YES;
				CLANG_CXX_LANGUAGE_STANDARD = "gnu++0x";
				CLANG_CXX_LIBRARY = "libc++";
				CLANG_ENABLE_MODULES = YES;
				CLANG_ENABLE_OBJC_ARC = YES;
				CLANG_WARN_BOOL_CONVERSION = YES;
				CLANG_WARN_CONSTANT_CONVERSION = YES;
				CLANG_WARN_DIRECT_OBJC_ISA_USAGE = YES_ERROR;
				CLANG_WARN_DOCUMENTATION_COMMENTS = YES;
				CLANG_WARN_EMPTY_BODY = YES;
				CLANG_WARN_ENUM_CONVERSION = YES;
				CLANG_WARN_INFINITE_RECURSION = YES;
				CLANG_WARN_INT_CONVERSION = YES;
				CLANG_WARN_OBJC_ROOT_CLASS = YES_ERROR;
				CLANG_WARN_SUSPICIOUS_MOVE = YES;
				CLANG_WARN_UNREACHABLE_CODE = YES;
				CLANG_WARN__DUPLICATE_METHOD_MATCH = YES;
				"CODE_SIGN_IDENTITY[sdk=iphoneos*]" = "iPhone Developer";
				COPY_PHASE_STRIP = NO;
				DEBUG_INFORMATION_FORMAT = dwarf;
				ENABLE_STRICT_OBJC_MSGSEND = YES;
				ENABLE_TESTABILITY = YES;
				GCC_C_LANGUAGE_STANDARD = gnu99;
				GCC_DYNAMIC_NO_PIC = NO;
				GCC_NO_COMMON_BLOCKS = YES;
				GCC_OPTIMIZATION_LEVEL = 0;
				GCC_PREPROCESSOR_DEFINITIONS = (
					"DEBUG=1",
					"$(inherited)",
				);
				GCC_WARN_64_TO_32_BIT_CONVERSION = YES;
				GCC_WARN_ABOUT_RETURN_TYPE = YES_ERROR;
				GCC_WARN_UNDECLARED_SELECTOR = YES;
				GCC_WARN_UNINITIALIZED_AUTOS = YES_AGGRESSIVE;
				GCC_WARN_UNUSED_FUNCTION = YES;
				GCC_WARN_UNUSED_VARIABLE = YES;
				IPHONEOS_DEPLOYMENT_TARGET = 10.2;
				MTL_ENABLE_DEBUG_INFO = YES;
				ONLY_ACTIVE_ARCH = YES;
				SDKROOT = iphoneos;
				SWIFT_ACTIVE_COMPILATION_CONDITIONS = DEBUG;
				SWIFT_OPTIMIZATION_LEVEL = "-Onone";
				TARGETED_DEVICE_FAMILY = "1,2";
			};
			name = Debug;
		};
		CDBC13AD1E16C8B4009AF55A /* Release */ = {
			isa = XCBuildConfiguration;
			buildSettings = {
				ALWAYS_SEARCH_USER_PATHS = NO;
				CLANG_ANALYZER_NONNULL = YES;
				CLANG_CXX_LANGUAGE_STANDARD = "gnu++0x";
				CLANG_CXX_LIBRARY = "libc++";
				CLANG_ENABLE_MODULES = YES;
				CLANG_ENABLE_OBJC_ARC = YES;
				CLANG_WARN_BOOL_CONVERSION = YES;
				CLANG_WARN_CONSTANT_CONVERSION = YES;
				CLANG_WARN_DIRECT_OBJC_ISA_USAGE = YES_ERROR;
				CLANG_WARN_DOCUMENTATION_COMMENTS = YES;
				CLANG_WARN_EMPTY_BODY = YES;
				CLANG_WARN_ENUM_CONVERSION = YES;
				CLANG_WARN_INFINITE_RECURSION = YES;
				CLANG_WARN_INT_CONVERSION = YES;
				CLANG_WARN_OBJC_ROOT_CLASS = YES_ERROR;
				CLANG_WARN_SUSPICIOUS_MOVE = YES;
				CLANG_WARN_UNREACHABLE_CODE = YES;
				CLANG_WARN__DUPLICATE_METHOD_MATCH = YES;
				"CODE_SIGN_IDENTITY[sdk=iphoneos*]" = "iPhone Developer";
				COPY_PHASE_STRIP = NO;
				DEBUG_INFORMATION_FORMAT = "dwarf-with-dsym";
				ENABLE_NS_ASSERTIONS = NO;
				ENABLE_STRICT_OBJC_MSGSEND = YES;
				GCC_C_LANGUAGE_STANDARD = gnu99;
				GCC_NO_COMMON_BLOCKS = YES;
				GCC_WARN_64_TO_32_BIT_CONVERSION = YES;
				GCC_WARN_ABOUT_RETURN_TYPE = YES_ERROR;
				GCC_WARN_UNDECLARED_SELECTOR = YES;
				GCC_WARN_UNINITIALIZED_AUTOS = YES_AGGRESSIVE;
				GCC_WARN_UNUSED_FUNCTION = YES;
				GCC_WARN_UNUSED_VARIABLE = YES;
				IPHONEOS_DEPLOYMENT_TARGET = 10.2;
				MTL_ENABLE_DEBUG_INFO = NO;
				SDKROOT = iphoneos;
				SWIFT_OPTIMIZATION_LEVEL = "-Owholemodule";
				TARGETED_DEVICE_FAMILY = "1,2";
				VALIDATE_PRODUCT = YES;
			};
			name = Release;
		};
		CDBC13AF1E16C8B4009AF55A /* Debug */ = {
			isa = XCBuildConfiguration;
			buildSettings = {
				ASSETCATALOG_COMPILER_APPICON_NAME = AppIcon;
				INFOPLIST_FILE = Assignment4/Info.plist;
				LD_RUNPATH_SEARCH_PATHS = "$(inherited) @executable_path/Frameworks";
				PRODUCT_BUNDLE_IDENTIFIER = OD.Assignment4;
				PRODUCT_NAME = "$(TARGET_NAME)";
				SWIFT_VERSION = 3.0;
			};
			name = Debug;
		};
		CDBC13B01E16C8B4009AF55A /* Release */ = {
			isa = XCBuildConfiguration;
			buildSettings = {
				ASSETCATALOG_COMPILER_APPICON_NAME = AppIcon;
				INFOPLIST_FILE = Assignment4/Info.plist;
				LD_RUNPATH_SEARCH_PATHS = "$(inherited) @executable_path/Frameworks";
				PRODUCT_BUNDLE_IDENTIFIER = OD.Assignment4;
				PRODUCT_NAME = "$(TARGET_NAME)";
				SWIFT_VERSION = 3.0;
			};
			name = Release;
		};
/* End XCBuildConfiguration section */

/* Begin XCConfigurationList section */
		CDBC13941E16C8B4009AF55A /* Build configuration list for PBXProject "Assignment4" */ = {
			isa = XCConfigurationList;
			buildConfigurations = (
				CDBC13AC1E16C8B4009AF55A /* Debug */,
				CDBC13AD1E16C8B4009AF55A /* Release */,
			);
			defaultConfigurationIsVisible = 0;
			defaultConfigurationName = Release;
		};
		CDBC13AE1E16C8B4009AF55A /* Build configuration list for PBXNativeTarget "Assignment4" */ = {
			isa = XCConfigurationList;
			buildConfigurations = (
				CDBC13AF1E16C8B4009AF55A /* Debug */,
				CDBC13B01E16C8B4009AF55A /* Release */,
			);
			defaultConfigurationIsVisible = 0;
			defaultConfigurationName = Release;
		};
/* End XCConfigurationList section */

/* Begin XCVersionGroup section */
		CDBC13A31E16C8B4009AF55A /* Assignment4.xcdatamodeld */ = {
			isa = XCVersionGroup;
			children = (
				CDBC13A41E16C8B4009AF55A /* Assignment4.xcdatamodel */,
			);
			currentVersion = CDBC13A41E16C8B4009AF55A /* Assignment4.xcdatamodel */;
			path = Assignment4.xcdatamodeld;
			sourceTree = "<group>";
			versionGroupType = wrapper.xcdatamodel;
		};
/* End XCVersionGroup section */
	};
	rootObject = CDBC13911E16C8B4009AF55A /* Project object */;
}
